
Microsoft Visual Studio Solution File, Format Version 12.00
# Visual Studio 2012
Project("{E24C65DC-7377-472B-9ABA-BC803B73C61A}") = "WebService(1)", "http://localhost:15698", "{58506FBB-26DE-4E90-9704-8A0D094BCBBF}"
	ProjectSection(WebsiteProperties) = preProject
		UseIISExpress = "true"
		TargetFrameworkMoniker = ".NETFramework,Version%3Dv4.5.2"
		Debug.AspNetCompiler.VirtualPath = "/localhost_15698"
		Debug.AspNetCompiler.PhysicalPath = "WebService\"
		Debug.AspNetCompiler.TargetPath = "PrecompiledWeb\localhost_15698\"
		Debug.AspNetCompiler.Updateable = "true"
		Debug.AspNetCompiler.ForceOverwrite = "true"
		Debug.AspNetCompiler.FixedNames = "false"
		Debug.AspNetCompiler.Debug = "True"
		Release.AspNetCompiler.VirtualPath = "/localhost_15698"
		Release.AspNetCompiler.PhysicalPath = "WebService\"
		Release.AspNetCompiler.TargetPath = "PrecompiledWeb\localhost_15698\"
		Release.AspNetCompiler.Updateable = "true"
		Release.AspNetCompiler.ForceOverwrite = "true"
		Release.AspNetCompiler.FixedNames = "false"
		Release.AspNetCompiler.Debug = "False"
		SlnRelativePath = "WebService\"
	EndProjectSection
EndProject
Project("{FAE04EC0-301F-11D3-BF4B-00C04F79EFBC}") = "WebApp", "WebApp\WebApp.csproj", "{5828D93F-6A37-4216-9C1D-65F4088FAE5E}"
	ProjectSection(ProjectDependencies) = postProject
		{58506FBB-26DE-4E90-9704-8A0D094BCBBF} = {58506FBB-26DE-4E90-9704-8A0D094BCBBF}
	EndProjectSection
EndProject
Global
	GlobalSection(SolutionConfigurationPlatforms) = preSolution
		Debug|Any CPU = Debug|Any CPU
		Release|Any CPU = Release|Any CPU
	EndGlobalSection
	GlobalSection(ProjectConfigurationPlatforms) = postSolution
		{58506FBB-26DE-4E90-9704-8A0D094BCBBF}.Debug|Any CPU.ActiveCfg = Debug|Any CPU
		{58506FBB-26DE-4E90-9704-8A0D094BCBBF}.Debug|Any CPU.Build.0 = Debug|Any CPU
		{58506FBB-26DE-4E90-9704-8A0D094BCBBF}.Release|Any CPU.ActiveCfg = Debug|Any CPU
		{58506FBB-26DE-4E90-9704-8A0D094BCBBF}.Release|Any CPU.Build.0 = Debug|Any CPU
		{5828D93F-6A37-4216-9C1D-65F4088FAE5E}.Debug|Any CPU.ActiveCfg = Debug|Any CPU
		{5828D93F-6A37-4216-9C1D-65F4088FAE5E}.Debug|Any CPU.Build.0 = Debug|Any CPU
		{5828D93F-6A37-4216-9C1D-65F4088FAE5E}.Release|Any CPU.ActiveCfg = Release|Any CPU
		{5828D93F-6A37-4216-9C1D-65F4088FAE5E}.Release|Any CPU.Build.0 = Release|Any CPU
	EndGlobalSection
	GlobalSection(SolutionProperties) = preSolution
		HideSolutionNode = FALSE
	EndGlobalSection
EndGlobal
