
Microsoft Visual Studio Solution File, Format Version 12.00
# Visual Studio 2012
Project("{FAE04EC0-301F-11D3-BF4B-00C04F79EFBC}") = "ChickenFarm_1209374085", "ChickenFarm_1209374085\ChickenFarm_1209374085.csproj", "{01F0EE37-C6DD-4AF9-B5F9-874AE3CC6713}"
EndProject
Global
	GlobalSection(SolutionConfigurationPlatforms) = preSolution
		Debug|Any CPU = Debug|Any CPU
		Release|Any CPU = Release|Any CPU
	EndGlobalSection
	GlobalSection(ProjectConfigurationPlatforms) = postSolution
		{01F0EE37-C6DD-4AF9-B5F9-874AE3CC6713}.Debug|Any CPU.ActiveCfg = Debug|Any CPU
		{01F0EE37-C6DD-4AF9-B5F9-874AE3CC6713}.Debug|Any CPU.Build.0 = Debug|Any CPU
		{01F0EE37-C6DD-4AF9-B5F9-874AE3CC6713}.Release|Any CPU.ActiveCfg = Release|Any CPU
		{01F0EE37-C6DD-4AF9-B5F9-874AE3CC6713}.Release|Any CPU.Build.0 = Release|Any CPU
	EndGlobalSection
	GlobalSection(SolutionProperties) = preSolution
		HideSolutionNode = FALSE
	EndGlobalSection
EndGlobal
